{
  "name": "config-management",
  "version": "1.0.0",
  "lockfileVersion": 3,
  "requires": true,
  "packages": {
    "": {
      "name": "config-management",
      "version": "1.0.0",
      "license": "MIT",
      "devDependencies": {
        "@abaplint/cli": "^2.120.60"
      },
      "engines": {
        "node": ">=22"
      }
    },
    "node_modules/@abaplint/cli": {
      "version": "2.120.64",
      "resolved": "https://registry.npmjs.org/@abaplint/cli/-/cli-2.120.64.tgz",
      "integrity": "sha512-jIWsbcoL5ts7cD93nOMADdX9PmDSGBrqB5GzKpibqYL1f3esK05NLORw1+VW/wRIcdhpMVqTXNU9PSrO9/WiNg==",
      "dev": true,
      "license": "MIT",
      "bin": {
        "abaplint": "abaplint"
      },
      "engines": {
        "node": ">=22.0.0"
      },
      "funding": {
        "url": "https://github.com/sponsors/larshp"
      }
    }
  }
}
